
Microsoft Visual Studio Solution File, Format Version 12.00
Project("{FAE04EC0-301F-11D3-BF4B-00C04F79EFBC}") = "API", "API\API.csproj", "{FA1CEB24-09F0-49FC-9AD4-F02088FD788D}"
EndProject
Project("{FAE04EC0-301F-11D3-BF4B-00C04F79EFBC}") = "DataAccess", "DataAccess\DataAccess.csproj", "{B43196DE-3852-4414-AC57-F93D9DF56873}"
EndProject
Project("{FAE04EC0-301F-11D3-BF4B-00C04F79EFBC}") = "Service", "Service\Service.csproj", "{1D499844-F1D0-4BAD-BD6D-3409034D68A9}"
EndProject
Project("{2150E333-8FDC-42A3-9474-1A3956D46DE8}") = "Server", "Server", "{9E750F40-748B-4C8C-96A8-ECC5D853AB25}"
EndProject
Project("{FAE04EC0-301F-11D3-BF4B-00C04F79EFBC}") = "Tests", "Tests\Tests.csproj", "{1F7C8F47-2229-402D-AC62-D5CE4A6EFEA6}"
EndProject
Global
	GlobalSection(SolutionConfigurationPlatforms) = preSolution
		Debug|Any CPU = Debug|Any CPU
		Release|Any CPU = Release|Any CPU
	EndGlobalSection
	GlobalSection(ProjectConfigurationPlatforms) = postSolution
		{FA1CEB24-09F0-49FC-9AD4-F02088FD788D}.Debug|Any CPU.ActiveCfg = Debug|Any CPU
		{FA1CEB24-09F0-49FC-9AD4-F02088FD788D}.Debug|Any CPU.Build.0 = Debug|Any CPU
		{FA1CEB24-09F0-49FC-9AD4-F02088FD788D}.Release|Any CPU.ActiveCfg = Release|Any CPU
		{FA1CEB24-09F0-49FC-9AD4-F02088FD788D}.Release|Any CPU.Build.0 = Release|Any CPU
		{B43196DE-3852-4414-AC57-F93D9DF56873}.Debug|Any CPU.ActiveCfg = Debug|Any CPU
		{B43196DE-3852-4414-AC57-F93D9DF56873}.Debug|Any CPU.Build.0 = Debug|Any CPU
		{B43196DE-3852-4414-AC57-F93D9DF56873}.Release|Any CPU.ActiveCfg = Release|Any CPU
		{B43196DE-3852-4414-AC57-F93D9DF56873}.Release|Any CPU.Build.0 = Release|Any CPU
		{1D499844-F1D0-4BAD-BD6D-3409034D68A9}.Debug|Any CPU.ActiveCfg = Debug|Any CPU
		{1D499844-F1D0-4BAD-BD6D-3409034D68A9}.Debug|Any CPU.Build.0 = Debug|Any CPU
		{1D499844-F1D0-4BAD-BD6D-3409034D68A9}.Release|Any CPU.ActiveCfg = Release|Any CPU
		{1D499844-F1D0-4BAD-BD6D-3409034D68A9}.Release|Any CPU.Build.0 = Release|Any CPU
		{1F7C8F47-2229-402D-AC62-D5CE4A6EFEA6}.Debug|Any CPU.ActiveCfg = Debug|Any CPU
		{1F7C8F47-2229-402D-AC62-D5CE4A6EFEA6}.Debug|Any CPU.Build.0 = Debug|Any CPU
		{1F7C8F47-2229-402D-AC62-D5CE4A6EFEA6}.Release|Any CPU.ActiveCfg = Release|Any CPU
		{1F7C8F47-2229-402D-AC62-D5CE4A6EFEA6}.Release|Any CPU.Build.0 = Release|Any CPU
	EndGlobalSection
	GlobalSection(NestedProjects) = preSolution
		{FA1CEB24-09F0-49FC-9AD4-F02088FD788D} = {9E750F40-748B-4C8C-96A8-ECC5D853AB25}
		{B43196DE-3852-4414-AC57-F93D9DF56873} = {9E750F40-748B-4C8C-96A8-ECC5D853AB25}
		{1D499844-F1D0-4BAD-BD6D-3409034D68A9} = {9E750F40-748B-4C8C-96A8-ECC5D853AB25}
		{1F7C8F47-2229-402D-AC62-D5CE4A6EFEA6} = {9E750F40-748B-4C8C-96A8-ECC5D853AB25}
	EndGlobalSection
EndGlobal
